// !$*UTF8*$!
{
	archiveVersion = 1;
	classes = {
	};
	objectVersion = 55;
	objects = {

/* Begin PBXBuildFile section */
		D01217752ABD3AD700287B0A /* AppDelegate.swift in Sources */ = {isa = PBXBuildFile; fileRef = D01217742ABD3AD700287B0A /* AppDelegate.swift */; };
		D01217772ABD3AD700287B0A /* SceneDelegate.swift in Sources */ = {isa = PBXBuildFile; fileRef = D01217762ABD3AD700287B0A /* SceneDelegate.swift */; };
		D01217792ABD3AD700287B0A /* ViewController.swift in Sources */ = {isa = PBXBuildFile; fileRef = D01217782ABD3AD700287B0A /* ViewController.swift */; };
		D012177C2ABD3AD700287B0A /* Main.storyboard in Resources */ = {isa = PBXBuildFile; fileRef = D012177A2ABD3AD700287B0A /* Main.storyboard */; };
		D012177E2ABD3AD900287B0A /* Assets.xcassets in Resources */ = {isa = PBXBuildFile; fileRef = D012177D2ABD3AD900287B0A /* Assets.xcassets */; };
		D01217812ABD3AD900287B0A /* LaunchScreen.storyboard in Resources */ = {isa = PBXBuildFile; fileRef = D012177F2ABD3AD900287B0A /* LaunchScreen.storyboard */; };
		D012178C2ABD3AD900287B0A /* Test_Project_GithubDesktopTests.swift in Sources */ = {isa = PBXBuildFile; fileRef = D012178B2ABD3AD900287B0A /* Test_Project_GithubDesktopTests.swift */; };
		D01217962ABD3AD900287B0A /* Test_Project_GithubDesktopUITests.swift in Sources */ = {isa = PBXBuildFile; fileRef = D01217952ABD3AD900287B0A /* Test_Project_GithubDesktopUITests.swift */; };
		D01217982ABD3AD900287B0A /* Test_Project_GithubDesktopUITestsLaunchTests.swift in Sources */ = {isa = PBXBuildFile; fileRef = D01217972ABD3AD900287B0A /* Test_Project_GithubDesktopUITestsLaunchTests.swift */; };
/* End PBXBuildFile section */

/* Begin PBXContainerItemProxy section */
		D01217882ABD3AD900287B0A /* PBXContainerItemProxy */ = {
			isa = PBXContainerItemProxy;
			containerPortal = D01217692ABD3AD700287B0A /* Project object */;
			proxyType = 1;
			remoteGlobalIDString = D01217702ABD3AD700287B0A;
			remoteInfo = Test_Project_GithubDesktop;
		};
		D01217922ABD3AD900287B0A /* PBXContainerItemProxy */ = {
			isa = PBXContainerItemProxy;
			containerPortal = D01217692ABD3AD700287B0A /* Project object */;
			proxyType = 1;
			remoteGlobalIDString = D01217702ABD3AD700287B0A;
			remoteInfo = Test_Project_GithubDesktop;
		};
/* End PBXContainerItemProxy section */

/* Begin PBXFileReference section */
		D01217712ABD3AD700287B0A /* Test_Project_GithubDesktop.app */ = {isa = PBXFileReference; explicitFileType = wrapper.application; includeInIndex = 0; path = Test_Project_GithubDesktop.app; sourceTree = BUILT_PRODUCTS_DIR; };
		D01217742ABD3AD700287B0A /* AppDelegate.swift */ = {isa = PBXFileReference; lastKnownFileType = sourcecode.swift; path = AppDelegate.swift; sourceTree = "<group>"; };
		D01217762ABD3AD700287B0A /* SceneDelegate.swift */ = {isa = PBXFileReference; lastKnownFileType = sourcecode.swift; path = SceneDelegate.swift; sourceTree = "<group>"; };
		D01217782ABD3AD700287B0A /* ViewController.swift */ = {isa = PBXFileReference; lastKnownFileType = sourcecode.swift; path = ViewController.swift; sourceTree = "<group>"; };
		D012177B2ABD3AD700287B0A /* Base */ = {isa = PBXFileReference; lastKnownFileType = file.storyboard; name = Base; path = Base.lproj/Main.storyboard; sourceTree = "<group>"; };
		D012177D2ABD3AD900287B0A /* Assets.xcassets */ = {isa = PBXFileReference; lastKnownFileType = folder.assetcatalog; path = Assets.xcassets; sourceTree = "<group>"; };
		D01217802ABD3AD900287B0A /* Base */ = {isa = PBXFileReference; lastKnownFileType = file.storyboard; name = Base; path = Base.lproj/LaunchScreen.storyboard; sourceTree = "<group>"; };
		D01217822ABD3AD900287B0A /* Info.plist */ = {isa = PBXFileReference; lastKnownFileType = text.plist.xml; path = Info.plist; sourceTree = "<group>"; };
		D01217872ABD3AD900287B0A /* Test_Project_GithubDesktopTests.xctest */ = {isa = PBXFileReference; explicitFileType = wrapper.cfbundle; includeInIndex = 0; path = Test_Project_GithubDesktopTests.xctest; sourceTree = BUILT_PRODUCTS_DIR; };
		D012178B2ABD3AD900287B0A /* Test_Project_GithubDesktopTests.swift */ = {isa = PBXFileReference; lastKnownFileType = sourcecode.swift; path = Test_Project_GithubDesktopTests.swift; sourceTree = "<group>"; };
		D01217912ABD3AD900287B0A /* Test_Project_GithubDesktopUITests.xctest */ = {isa = PBXFileReference; explicitFileType = wrapper.cfbundle; includeInIndex = 0; path = Test_Project_GithubDesktopUITests.xctest; sourceTree = BUILT_PRODUCTS_DIR; };
		D01217952ABD3AD900287B0A /* Test_Project_GithubDesktopUITests.swift */ = {isa = PBXFileReference; lastKnownFileType = sourcecode.swift; path = Test_Project_GithubDesktopUITests.swift; sourceTree = "<group>"; };
		D01217972ABD3AD900287B0A /* Test_Project_GithubDesktopUITestsLaunchTests.swift */ = {isa = PBXFileReference; lastKnownFileType = sourcecode.swift; path = Test_Project_GithubDesktopUITestsLaunchTests.swift; sourceTree = "<group>"; };
/* End PBXFileReference section */

/* Begin PBXFrameworksBuildPhase section */
		D012176E2ABD3AD700287B0A /* Frameworks */ = {
			isa = PBXFrameworksBuildPhase;
			buildActionMask = 2147483647;
			files = (
			);
			runOnlyForDeploymentPostprocessing = 0;
		};
		D01217842ABD3AD900287B0A /* Frameworks */ = {
			isa = PBXFrameworksBuildPhase;
			buildActionMask = 2147483647;
			files = (
			);
			runOnlyForDeploymentPostprocessing = 0;
		};
		D012178E2ABD3AD900287B0A /* Frameworks */ = {
			isa = PBXFrameworksBuildPhase;
			buildActionMask = 2147483647;
			files = (
			);
			runOnlyForDeploymentPostprocessing = 0;
		};
/* End PBXFrameworksBuildPhase section */

/* Begin PBXGroup section */
		D01217682ABD3AD700287B0A = {
			isa = PBXGroup;
			children = (
				D01217732ABD3AD700287B0A /* Test_Project_GithubDesktop */,
				D012178A2ABD3AD900287B0A /* Test_Project_GithubDesktopTests */,
				D01217942ABD3AD900287B0A /* Test_Project_GithubDesktopUITests */,
				D01217722ABD3AD700287B0A /* Products */,
			);
			sourceTree = "<group>";
		};
		D01217722ABD3AD700287B0A /* Products */ = {
			isa = PBXGroup;
			children = (
				D01217712ABD3AD700287B0A /* Test_Project_GithubDesktop.app */,
				D01217872ABD3AD900287B0A /* Test_Project_GithubDesktopTests.xctest */,
				D01217912ABD3AD900287B0A /* Test_Project_GithubDesktopUITests.xctest */,
			);
			name = Products;
			sourceTree = "<group>";
		};
		D01217732ABD3AD700287B0A /* Test_Project_GithubDesktop */ = {
			isa = PBXGroup;
			children = (
				D01217742ABD3AD700287B0A /* AppDelegate.swift */,
				D01217762ABD3AD700287B0A /* SceneDelegate.swift */,
				D01217782ABD3AD700287B0A /* ViewController.swift */,
				D012177A2ABD3AD700287B0A /* Main.storyboard */,
				D012177D2ABD3AD900287B0A /* Assets.xcassets */,
				D012177F2ABD3AD900287B0A /* LaunchScreen.storyboard */,
				D01217822ABD3AD900287B0A /* Info.plist */,
			);
			path = Test_Project_GithubDesktop;
			sourceTree = "<group>";
		};
		D012178A2ABD3AD900287B0A /* Test_Project_GithubDesktopTests */ = {
			isa = PBXGroup;
			children = (
				D012178B2ABD3AD900287B0A /* Test_Project_GithubDesktopTests.swift */,
			);
			path = Test_Project_GithubDesktopTests;
			sourceTree = "<group>";
		};
		D01217942ABD3AD900287B0A /* Test_Project_GithubDesktopUITests */ = {
			isa = PBXGroup;
			children = (
				D01217952ABD3AD900287B0A /* Test_Project_GithubDesktopUITests.swift */,
				D01217972ABD3AD900287B0A /* Test_Project_GithubDesktopUITestsLaunchTests.swift */,
			);
			path = Test_Project_GithubDesktopUITests;
			sourceTree = "<group>";
		};
/* End PBXGroup section */

/* Begin PBXNativeTarget section */
		D01217702ABD3AD700287B0A /* Test_Project_GithubDesktop */ = {
			isa = PBXNativeTarget;
			buildConfigurationList = D012179B2ABD3AD900287B0A /* Build configuration list for PBXNativeTarget "Test_Project_GithubDesktop" */;
			buildPhases = (
				D012176D2ABD3AD700287B0A /* Sources */,
				D012176E2ABD3AD700287B0A /* Frameworks */,
				D012176F2ABD3AD700287B0A /* Resources */,
			);
			buildRules = (
			);
			dependencies = (
			);
			name = Test_Project_GithubDesktop;
			productName = Test_Project_GithubDesktop;
			productReference = D01217712ABD3AD700287B0A /* Test_Project_GithubDesktop.app */;
			productType = "com.apple.product-type.application";
		};
		D01217862ABD3AD900287B0A /* Test_Project_GithubDesktopTests */ = {
			isa = PBXNativeTarget;
			buildConfigurationList = D012179E2ABD3AD900287B0A /* Build configuration list for PBXNativeTarget "Test_Project_GithubDesktopTests" */;
			buildPhases = (
				D01217832ABD3AD900287B0A /* Sources */,
				D01217842ABD3AD900287B0A /* Frameworks */,
				D01217852ABD3AD900287B0A /* Resources */,
			);
			buildRules = (
			);
			dependencies = (
				D01217892ABD3AD900287B0A /* PBXTargetDependency */,
			);
			name = Test_Project_GithubDesktopTests;
			productName = Test_Project_GithubDesktopTests;
			productReference = D01217872ABD3AD900287B0A /* Test_Project_GithubDesktopTests.xctest */;
			productType = "com.apple.product-type.bundle.unit-test";
		};
		D01217902ABD3AD900287B0A /* Test_Project_GithubDesktopUITests */ = {
			isa = PBXNativeTarget;
			buildConfigurationList = D01217A12ABD3AD900287B0A /* Build configuration list for PBXNativeTarget "Test_Project_GithubDesktopUITests" */;
			buildPhases = (
				D012178D2ABD3AD900287B0A /* Sources */,
				D012178E2ABD3AD900287B0A /* Frameworks */,
				D012178F2ABD3AD900287B0A /* Resources */,
			);
			buildRules = (
			);
			dependencies = (
				D01217932ABD3AD900287B0A /* PBXTargetDependency */,
			);
			name = Test_Project_GithubDesktopUITests;
			productName = Test_Project_GithubDesktopUITests;
			productReference = D01217912ABD3AD900287B0A /* Test_Project_GithubDesktopUITests.xctest */;
			productType = "com.apple.product-type.bundle.ui-testing";
		};
/* End PBXNativeTarget section */

/* Begin PBXProject section */
		D01217692ABD3AD700287B0A /* Project object */ = {
			isa = PBXProject;
			attributes = {
				BuildIndependentTargetsInParallel = 1;
				LastSwiftUpdateCheck = 1340;
				LastUpgradeCheck = 1340;
				TargetAttributes = {
					D01217702ABD3AD700287B0A = {
						CreatedOnToolsVersion = 13.4.1;
					};
					D01217862ABD3AD900287B0A = {
						CreatedOnToolsVersion = 13.4.1;
						TestTargetID = D01217702ABD3AD700287B0A;
					};
					D01217902ABD3AD900287B0A = {
						CreatedOnToolsVersion = 13.4.1;
						TestTargetID = D01217702ABD3AD700287B0A;
					};
				};
			};
			buildConfigurationList = D012176C2ABD3AD700287B0A /* Build configuration list for PBXProject "Test_Project_GithubDesktop" */;
			compatibilityVersion = "Xcode 13.0";
			developmentRegion = en;
			hasScannedForEncodings = 0;
			knownRegions = (
				en,
				Base,
			);
			mainGroup = D01217682ABD3AD700287B0A;
			productRefGroup = D01217722ABD3AD700287B0A /* Products */;
			projectDirPath = "";
			projectRoot = "";
			targets = (
				D01217702ABD3AD700287B0A /* Test_Project_GithubDesktop */,
				D01217862ABD3AD900287B0A /* Test_Project_GithubDesktopTests */,
				D01217902ABD3AD900287B0A /* Test_Project_GithubDesktopUITests */,
			);
		};
/* End PBXProject section */

/* Begin PBXResourcesBuildPhase section */
		D012176F2ABD3AD700287B0A /* Resources */ = {
			isa = PBXResourcesBuildPhase;
			buildActionMask = 2147483647;
			files = (
				D01217812ABD3AD900287B0A /* LaunchScreen.storyboard in Resources */,
				D012177E2ABD3AD900287B0A /* Assets.xcassets in Resources */,
				D012177C2ABD3AD700287B0A /* Main.storyboard in Resources */,
			);
			runOnlyForDeploymentPostprocessing = 0;
		};
		D01217852ABD3AD900287B0A /* Resources */ = {
			isa = PBXResourcesBuildPhase;
			buildActionMask = 2147483647;
			files = (
			);
			runOnlyForDeploymentPostprocessing = 0;
		};
		D012178F2ABD3AD900287B0A /* Resources */ = {
			isa = PBXResourcesBuildPhase;
			buildActionMask = 2147483647;
			files = (
			);
			runOnlyForDeploymentPostprocessing = 0;
		};
/* End PBXResourcesBuildPhase section */

/* Begin PBXSourcesBuildPhase section */
		D012176D2ABD3AD700287B0A /* Sources */ = {
			isa = PBXSourcesBuildPhase;
			buildActionMask = 2147483647;
			files = (
				D01217792ABD3AD700287B0A /* ViewController.swift in Sources */,
				D01217752ABD3AD700287B0A /* AppDelegate.swift in Sources */,
				D01217772ABD3AD700287B0A /* SceneDelegate.swift in Sources */,
			);
			runOnlyForDeploymentPostprocessing = 0;
		};
		D01217832ABD3AD900287B0A /* Sources */ = {
			isa = PBXSourcesBuildPhase;
			buildActionMask = 2147483647;
			files = (
				D012178C2ABD3AD900287B0A /* Test_Project_GithubDesktopTests.swift in Sources */,
			);
			runOnlyForDeploymentPostprocessing = 0;
		};
		D012178D2ABD3AD900287B0A /* Sources */ = {
			isa = PBXSourcesBuildPhase;
			buildActionMask = 2147483647;
			files = (
				D01217982ABD3AD900287B0A /* Test_Project_GithubDesktopUITestsLaunchTests.swift in Sources */,
				D01217962ABD3AD900287B0A /* Test_Project_GithubDesktopUITests.swift in Sources */,
			);
			runOnlyForDeploymentPostprocessing = 0;
		};
/* End PBXSourcesBuildPhase section */

/* Begin PBXTargetDependency section */
		D01217892ABD3AD900287B0A /* PBXTargetDependency */ = {
			isa = PBXTargetDependency;
			target = D01217702ABD3AD700287B0A /* Test_Project_GithubDesktop */;
			targetProxy = D01217882ABD3AD900287B0A /* PBXContainerItemProxy */;
		};
		D01217932ABD3AD900287B0A /* PBXTargetDependency */ = {
			isa = PBXTargetDependency;
			target = D01217702ABD3AD700287B0A /* Test_Project_GithubDesktop */;
			targetProxy = D01217922ABD3AD900287B0A /* PBXContainerItemProxy */;
		};
/* End PBXTargetDependency section */

/* Begin PBXVariantGroup section */
		D012177A2ABD3AD700287B0A /* Main.storyboard */ = {
			isa = PBXVariantGroup;
			children = (
				D012177B2ABD3AD700287B0A /* Base */,
			);
			name = Main.storyboard;
			sourceTree = "<group>";
		};
		D012177F2ABD3AD900287B0A /* LaunchScreen.storyboard */ = {
			isa = PBXVariantGroup;
			children = (
				D01217802ABD3AD900287B0A /* Base */,
			);
			name = LaunchScreen.storyboard;
			sourceTree = "<group>";
		};
/* End PBXVariantGroup section */

/* Begin XCBuildConfiguration section */
		D01217992ABD3AD900287B0A /* Debug */ = {
			isa = XCBuildConfiguration;
			buildSettings = {
				ALWAYS_SEARCH_USER_PATHS = NO;
				CLANG_ANALYZER_NONNULL = YES;
				CLANG_ANALYZER_NUMBER_OBJECT_CONVERSION = YES_AGGRESSIVE;
				CLANG_CXX_LANGUAGE_STANDARD = "gnu++17";
				CLANG_ENABLE_MODULES = YES;
				CLANG_ENABLE_OBJC_ARC = YES;
				CLANG_ENABLE_OBJC_WEAK = YES;
				CLANG_WARN_BLOCK_CAPTURE_AUTORELEASING = YES;
				CLANG_WARN_BOOL_CONVERSION = YES;
				CLANG_WARN_COMMA = YES;
				CLANG_WARN_CONSTANT_CONVERSION = YES;
				CLANG_WARN_DEPRECATED_OBJC_IMPLEMENTATIONS = YES;
				CLANG_WARN_DIRECT_OBJC_ISA_USAGE = YES_ERROR;
				CLANG_WARN_DOCUMENTATION_COMMENTS = YES;
				CLANG_WARN_EMPTY_BODY = YES;
				CLANG_WARN_ENUM_CONVERSION = YES;
				CLANG_WARN_INFINITE_RECURSION = YES;
				CLANG_WARN_INT_CONVERSION = YES;
				CLANG_WARN_NON_LITERAL_NULL_CONVERSION = YES;
				CLANG_WARN_OBJC_IMPLICIT_RETAIN_SELF = YES;
				CLANG_WARN_OBJC_LITERAL_CONVERSION = YES;
				CLANG_WARN_OBJC_ROOT_CLASS = YES_ERROR;
				CLANG_WARN_QUOTED_INCLUDE_IN_FRAMEWORK_HEADER = YES;
				CLANG_WARN_RANGE_LOOP_ANALYSIS = YES;
				CLANG_WARN_STRICT_PROTOTYPES = YES;
				CLANG_WARN_SUSPICIOUS_MOVE = YES;
				CLANG_WARN_UNGUARDED_AVAILABILITY = YES_AGGRESSIVE;
				CLANG_WARN_UNREACHABLE_CODE = YES;
				CLANG_WARN__DUPLICATE_METHOD_MATCH = YES;
				COPY_PHASE_STRIP = NO;
				DEBUG_INFORMATION_FORMAT = dwarf;
				ENABLE_STRICT_OBJC_MSGSEND = YES;
				ENABLE_TESTABILITY = YES;
				GCC_C_LANGUAGE_STANDARD = gnu11;
				GCC_DYNAMIC_NO_PIC = NO;
				GCC_NO_COMMON_BLOCKS = YES;
				GCC_OPTIMIZATION_LEVEL = 0;
				GCC_PREPROCESSOR_DEFINITIONS = (
					"DEBUG=1",
					"$(inherited)",
				);
				GCC_WARN_64_TO_32_BIT_CONVERSION = YES;
				GCC_WARN_ABOUT_RETURN_TYPE = YES_ERROR;
				GCC_WARN_UNDECLARED_SELECTOR = YES;
				GCC_WARN_UNINITIALIZED_AUTOS = YES_AGGRESSIVE;
				GCC_WARN_UNUSED_FUNCTION = YES;
				GCC_WARN_UNUSED_VARIABLE = YES;
				IPHONEOS_DEPLOYMENT_TARGET = 15.5;
				MTL_ENABLE_DEBUG_INFO = INCLUDE_SOURCE;
				MTL_FAST_MATH = YES;
				ONLY_ACTIVE_ARCH = YES;
				SDKROOT = iphoneos;
				SWIFT_ACTIVE_COMPILATION_CONDITIONS = DEBUG;
				SWIFT_OPTIMIZATION_LEVEL = "-Onone";
			};
			name = Debug;
		};
		D012179A2ABD3AD900287B0A /* Release */ = {
			isa = XCBuildConfiguration;
			buildSettings = {
				ALWAYS_SEARCH_USER_PATHS = NO;
				CLANG_ANALYZER_NONNULL = YES;
				CLANG_ANALYZER_NUMBER_OBJECT_CONVERSION = YES_AGGRESSIVE;
				CLANG_CXX_LANGUAGE_STANDARD = "gnu++17";
				CLANG_ENABLE_MODULES = YES;
				CLANG_ENABLE_OBJC_ARC = YES;
				CLANG_ENABLE_OBJC_WEAK = YES;
				CLANG_WARN_BLOCK_CAPTURE_AUTORELEASING = YES;
				CLANG_WARN_BOOL_CONVERSION = YES;
				CLANG_WARN_COMMA = YES;
				CLANG_WARN_CONSTANT_CONVERSION = YES;
				CLANG_WARN_DEPRECATED_OBJC_IMPLEMENTATIONS = YES;
				CLANG_WARN_DIRECT_OBJC_ISA_USAGE = YES_ERROR;
				CLANG_WARN_DOCUMENTATION_COMMENTS = YES;
				CLANG_WARN_EMPTY_BODY = YES;
				CLANG_WARN_ENUM_CONVERSION = YES;
				CLANG_WARN_INFINITE_RECURSION = YES;
				CLANG_WARN_INT_CONVERSION = YES;
				CLANG_WARN_NON_LITERAL_NULL_CONVERSION = YES;
				CLANG_WARN_OBJC_IMPLICIT_RETAIN_SELF = YES;
				CLANG_WARN_OBJC_LITERAL_CONVERSION = YES;
				CLANG_WARN_OBJC_ROOT_CLASS = YES_ERROR;
				CLANG_WARN_QUOTED_INCLUDE_IN_FRAMEWORK_HEADER = YES;
				CLANG_WARN_RANGE_LOOP_ANALYSIS = YES;
				CLANG_WARN_STRICT_PROTOTYPES = YES;
				CLANG_WARN_SUSPICIOUS_MOVE = YES;
				CLANG_WARN_UNGUARDED_AVAILABILITY = YES_AGGRESSIVE;
				CLANG_WARN_UNREACHABLE_CODE = YES;
				CLANG_WARN__DUPLICATE_METHOD_MATCH = YES;
				COPY_PHASE_STRIP = NO;
				DEBUG_INFORMATION_FORMAT = "dwarf-with-dsym";
				ENABLE_NS_ASSERTIONS = NO;
				ENABLE_STRICT_OBJC_MSGSEND = YES;
				GCC_C_LANGUAGE_STANDARD = gnu11;
				GCC_NO_COMMON_BLOCKS = YES;
				GCC_WARN_64_TO_32_BIT_CONVERSION = YES;
				GCC_WARN_ABOUT_RETURN_TYPE = YES_ERROR;
				GCC_WARN_UNDECLARED_SELECTOR = YES;
				GCC_WARN_UNINITIALIZED_AUTOS = YES_AGGRESSIVE;
				GCC_WARN_UNUSED_FUNCTION = YES;
				GCC_WARN_UNUSED_VARIABLE = YES;
				IPHONEOS_DEPLOYMENT_TARGET = 15.5;
				MTL_ENABLE_DEBUG_INFO = NO;
				MTL_FAST_MATH = YES;
				SDKROOT = iphoneos;
				SWIFT_COMPILATION_MODE = wholemodule;
				SWIFT_OPTIMIZATION_LEVEL = "-O";
				VALIDATE_PRODUCT = YES;
			};
			name = Release;
		};
		D012179C2ABD3AD900287B0A /* Debug */ = {
			isa = XCBuildConfiguration;
			buildSettings = {
				ASSETCATALOG_COMPILER_APPICON_NAME = AppIcon;
				ASSETCATALOG_COMPILER_GLOBAL_ACCENT_COLOR_NAME = AccentColor;
				CODE_SIGN_STYLE = Automatic;
				CURRENT_PROJECT_VERSION = 1;
				DEVELOPMENT_TEAM = RKE9UY8PW2;
				GENERATE_INFOPLIST_FILE = YES;
				INFOPLIST_FILE = Test_Project_GithubDesktop/Info.plist;
				INFOPLIST_KEY_UIApplicationSupportsIndirectInputEvents = YES;
				INFOPLIST_KEY_UILaunchStoryboardName = LaunchScreen;
				INFOPLIST_KEY_UIMainStoryboardFile = Main;
				INFOPLIST_KEY_UISupportedInterfaceOrientations_iPad = "UIInterfaceOrientationPortrait UIInterfaceOrientationPortraitUpsideDown UIInterfaceOrientationLandscapeLeft UIInterfaceOrientationLandscapeRight";
				INFOPLIST_KEY_UISupportedInterfaceOrientations_iPhone = "UIInterfaceOrientationPortrait UIInterfaceOrientationLandscapeLeft UIInterfaceOrientationLandscapeRight";
				LD_RUNPATH_SEARCH_PATHS = (
					"$(inherited)",
					"@executable_path/Frameworks",
				);
				MARKETING_VERSION = 1.0;
				PRODUCT_BUNDLE_IDENTIFIER = "UHWO.Test-Project-GithubDesktop";
				PRODUCT_NAME = "$(TARGET_NAME)";
				SWIFT_EMIT_LOC_STRINGS = YES;
				SWIFT_VERSION = 5.0;
				TARGETED_DEVICE_FAMILY = "1,2";
			};
			name = Debug;
		};
		D012179D2ABD3AD900287B0A /* Release */ = {
			isa = XCBuildConfiguration;
			buildSettings = {
				ASSETCATALOG_COMPILER_APPICON_NAME = AppIcon;
				ASSETCATALOG_COMPILER_GLOBAL_ACCENT_COLOR_NAME = AccentColor;
				CODE_SIGN_STYLE = Automatic;
				CURRENT_PROJECT_VERSION = 1;
				DEVELOPMENT_TEAM = RKE9UY8PW2;
				GENERATE_INFOPLIST_FILE = YES;
				INFOPLIST_FILE = Test_Project_GithubDesktop/Info.plist;
				INFOPLIST_KEY_UIApplicationSupportsIndirectInputEvents = YES;
				INFOPLIST_KEY_UILaunchStoryboardName = LaunchScreen;
				INFOPLIST_KEY_UIMainStoryboardFile = Main;
				INFOPLIST_KEY_UISupportedInterfaceOrientations_iPad = "UIInterfaceOrientationPortrait UIInterfaceOrientationPortraitUpsideDown UIInterfaceOrientationLandscapeLeft UIInterfaceOrientationLandscapeRight";
				INFOPLIST_KEY_UISupportedInterfaceOrientations_iPhone = "UIInterfaceOrientationPortrait UIInterfaceOrientationLandscapeLeft UIInterfaceOrientationLandscapeRight";
				LD_RUNPATH_SEARCH_PATHS = (
					"$(inherited)",
					"@executable_path/Frameworks",
				);
				MARKETING_VERSION = 1.0;
				PRODUCT_BUNDLE_IDENTIFIER = "UHWO.Test-Project-GithubDesktop";
				PRODUCT_NAME = "$(TARGET_NAME)";
				SWIFT_EMIT_LOC_STRINGS = YES;
				SWIFT_VERSION = 5.0;
				TARGETED_DEVICE_FAMILY = "1,2";
			};
			name = Release;
		};
		D012179F2ABD3AD900287B0A /* Debug */ = {
			isa = XCBuildConfiguration;
			buildSettings = {
				ALWAYS_EMBED_SWIFT_STANDARD_LIBRARIES = YES;
				BUNDLE_LOADER = "$(TEST_HOST)";
				CODE_SIGN_STYLE = Automatic;
				CURRENT_PROJECT_VERSION = 1;
				DEVELOPMENT_TEAM = RKE9UY8PW2;
				GENERATE_INFOPLIST_FILE = YES;
				IPHONEOS_DEPLOYMENT_TARGET = 15.5;
				MARKETING_VERSION = 1.0;
				PRODUCT_BUNDLE_IDENTIFIER = "UHWO.Test-Project-GithubDesktopTests";
				PRODUCT_NAME = "$(TARGET_NAME)";
				SWIFT_EMIT_LOC_STRINGS = NO;
				SWIFT_VERSION = 5.0;
				TARGETED_DEVICE_FAMILY = "1,2";
				TEST_HOST = "$(BUILT_PRODUCTS_DIR)/Test_Project_GithubDesktop.app/Test_Project_GithubDesktop";
			};
			name = Debug;
		};
		D01217A02ABD3AD900287B0A /* Release */ = {
			isa = XCBuildConfiguration;
			buildSettings = {
				ALWAYS_EMBED_SWIFT_STANDARD_LIBRARIES = YES;
				BUNDLE_LOADER = "$(TEST_HOST)";
				CODE_SIGN_STYLE = Automatic;
				CURRENT_PROJECT_VERSION = 1;
				DEVELOPMENT_TEAM = RKE9UY8PW2;
				GENERATE_INFOPLIST_FILE = YES;
				IPHONEOS_DEPLOYMENT_TARGET = 15.5;
				MARKETING_VERSION = 1.0;
				PRODUCT_BUNDLE_IDENTIFIER = "UHWO.Test-Project-GithubDesktopTests";
				PRODUCT_NAME = "$(TARGET_NAME)";
				SWIFT_EMIT_LOC_STRINGS = NO;
				SWIFT_VERSION = 5.0;
				TARGETED_DEVICE_FAMILY = "1,2";
				TEST_HOST = "$(BUILT_PRODUCTS_DIR)/Test_Project_GithubDesktop.app/Test_Project_GithubDesktop";
			};
			name = Release;
		};
		D01217A22ABD3AD900287B0A /* Debug */ = {
			isa = XCBuildConfiguration;
			buildSettings = {
				ALWAYS_EMBED_SWIFT_STANDARD_LIBRARIES = YES;
				CODE_SIGN_STYLE = Automatic;
				CURRENT_PROJECT_VERSION = 1;
				DEVELOPMENT_TEAM = RKE9UY8PW2;
				GENERATE_INFOPLIST_FILE = YES;
				MARKETING_VERSION = 1.0;
				PRODUCT_BUNDLE_IDENTIFIER = "UHWO.Test-Project-GithubDesktopUITests";
				PRODUCT_NAME = "$(TARGET_NAME)";
				SWIFT_EMIT_LOC_STRINGS = NO;
				SWIFT_VERSION = 5.0;
				TARGETED_DEVICE_FAMILY = "1,2";
				TEST_TARGET_NAME = Test_Project_GithubDesktop;
			};
			name = Debug;
		};
		D01217A32ABD3AD900287B0A /* Release */ = {
			isa = XCBuildConfiguration;
			buildSettings = {
				ALWAYS_EMBED_SWIFT_STANDARD_LIBRARIES = YES;
				CODE_SIGN_STYLE = Automatic;
				CURRENT_PROJECT_VERSION = 1;
				DEVELOPMENT_TEAM = RKE9UY8PW2;
				GENERATE_INFOPLIST_FILE = YES;
				MARKETING_VERSION = 1.0;
				PRODUCT_BUNDLE_IDENTIFIER = "UHWO.Test-Project-GithubDesktopUITests";
				PRODUCT_NAME = "$(TARGET_NAME)";
				SWIFT_EMIT_LOC_STRINGS = NO;
				SWIFT_VERSION = 5.0;
				TARGETED_DEVICE_FAMILY = "1,2";
				TEST_TARGET_NAME = Test_Project_GithubDesktop;
			};
			name = Release;
		};
/* End XCBuildConfiguration section */

/* Begin XCConfigurationList section */
		D012176C2ABD3AD700287B0A /* Build configuration list for PBXProject "Test_Project_GithubDesktop" */ = {
			isa = XCConfigurationList;
			buildConfigurations = (
				D01217992ABD3AD900287B0A /* Debug */,
				D012179A2ABD3AD900287B0A /* Release */,
			);
			defaultConfigurationIsVisible = 0;
			defaultConfigurationName = Release;
		};
		D012179B2ABD3AD900287B0A /* Build configuration list for PBXNativeTarget "Test_Project_GithubDesktop" */ = {
			isa = XCConfigurationList;
			buildConfigurations = (
				D012179C2ABD3AD900287B0A /* Debug */,
				D012179D2ABD3AD900287B0A /* Release */,
			);
			defaultConfigurationIsVisible = 0;
			defaultConfigurationName = Release;
		};
		D012179E2ABD3AD900287B0A /* Build configuration list for PBXNativeTarget "Test_Project_GithubDesktopTests" */ = {
			isa = XCConfigurationList;
			buildConfigurations = (
				D012179F2ABD3AD900287B0A /* Debug */,
				D01217A02ABD3AD900287B0A /* Release */,
			);
			defaultConfigurationIsVisible = 0;
			defaultConfigurationName = Release;
		};
		D01217A12ABD3AD900287B0A /* Build configuration list for PBXNativeTarget "Test_Project_GithubDesktopUITests" */ = {
			isa = XCConfigurationList;
			buildConfigurations = (
				D01217A22ABD3AD900287B0A /* Debug */,
				D01217A32ABD3AD900287B0A /* Release */,
			);
			defaultConfigurationIsVisible = 0;
			defaultConfigurationName = Release;
		};
/* End XCConfigurationList section */
	};
	rootObject = D01217692ABD3AD700287B0A /* Project object */;
}
